
Microsoft Visual Studio Solution File, Format Version 12.00
# Visual Studio Version 17
VisualStudioVersion = 17.11.35222.181
MinimumVisualStudioVersion = 10.0.40219.1
Project("{FAE04EC0-301F-11D3-BF4B-00C04F79EFBC}") = "Array1", "Array1.csproj", "{EDF25D35-61B9-4F85-BDD0-1F6ACBA364BC}"
EndProject
Global
	GlobalSection(SolutionConfigurationPlatforms) = preSolution
		Debug|Any CPU = Debug|Any CPU
		Release|Any CPU = Release|Any CPU
	EndGlobalSection
	GlobalSection(ProjectConfigurationPlatforms) = postSolution
		{EDF25D35-61B9-4F85-BDD0-1F6ACBA364BC}.Debug|Any CPU.ActiveCfg = Debug|Any CPU
		{EDF25D35-61B9-4F85-BDD0-1F6ACBA364BC}.Debug|Any CPU.Build.0 = Debug|Any CPU
		{EDF25D35-61B9-4F85-BDD0-1F6ACBA364BC}.Release|Any CPU.ActiveCfg = Release|Any CPU
		{EDF25D35-61B9-4F85-BDD0-1F6ACBA364BC}.Release|Any CPU.Build.0 = Release|Any CPU
	EndGlobalSection
	GlobalSection(SolutionProperties) = preSolution
		HideSolutionNode = FALSE
	EndGlobalSection
	GlobalSection(ExtensibilityGlobals) = postSolution
		SolutionGuid = {90735C9E-5BA5-434D-9840-2C518ABE5F6D}
	EndGlobalSection
EndGlobal
